{
  "name": "tapsmith",
  "lockfileVersion": 3,
  "requires": true,
  "packages": {
    "": {
      "dependencies": {
        "tapsmith": "file:../../packages/tapsmith"
      }
    },
    "../../packages/tapsmith": {
      "version": "0.1.6",
      "license": "Apache-2.0",
      "dependencies": {
        "@grpc/grpc-js": "^1.12.0",
        "@grpc/proto-loader": "^0.7.13",
        "@modelcontextprotocol/sdk": "^1.29.0",
        "bplist-creator": "^0.1.1",
        "bplist-parser": "^0.3.2",
        "chokidar": "^4.0.3",
        "commander": "^14.0.3",
        "enquirer": "^2.4.1",
        "fflate": "^0.8.2",
        "figlet": "^1.11.0",
        "glob": "^11.0.0",
        "minimatch": "^10.2.4",
        "open": "^10.2.0",
        "proper-lockfile": "^4.1.2",
        "tsx": "^4.21.0",
        "ws": "^8.20.0",
        "zod": "^4.3.6"
      },
      "bin": {
        "tapsmith": "dist/cli.js"
      },
      "devDependencies": {
        "@prefresh/vite": "^2.4.12",
        "@types/node": "^22.0.0",
        "@types/proper-lockfile": "^4.1.4",
        "@types/ws": "^8.18.1",
        "eslint": "^9.0.0",
        "knip": "^5.86.0",
        "lucide-preact": "^1.6.0",
        "preact": "^10.29.0",
        "typescript": "^5.7.0",
        "typescript-eslint": "^8.0.0",
        "vite": "^5.4.21",
        "vite-plugin-singlefile": "^2.3.2",
        "vitest": "^3.0.0"
      },
      "engines": {
        "node": ">=22"
      },
      "optionalDependencies": {
        "@tapsmith/agent-android": "0.1.6",
        "@tapsmith/agent-ios-simulator-arm64": "0.1.6",
        "@tapsmith/agent-ios-simulator-x64": "0.1.6",
        "@tapsmith/core-darwin-arm64": "0.1.6",
        "@tapsmith/core-darwin-x64": "0.1.6",
        "@tapsmith/core-linux-arm64": "0.1.6",
        "@tapsmith/core-linux-x64": "0.1.6"
      }
    },
    "node_modules/tapsmith": {
      "resolved": "../../packages/tapsmith",
      "link": true
    }
  }
}
