// !$*UTF8*$!
{
	archiveVersion = 1;
	classes = {
	};
	objectVersion = 77;
	objects = {

/* Begin PBXBuildFile section */
		00939514784AEE11CC64485E /* CommandHandler.swift in Sources */ = {isa = PBXBuildFile; fileRef = 1D4606C81DC5E17A14939D8D /* CommandHandler.swift */; };
		09E2E27C7BCBF01AE2648172 /* SnapshotElementFinder.swift in Sources */ = {isa = PBXBuildFile; fileRef = 95F1D55A943C25C2F98CC102 /* SnapshotElementFinder.swift */; };
		0E010C836E22158D44530C5D /* SystemDialogPolicy.swift in Sources */ = {isa = PBXBuildFile; fileRef = 9FBB72A2A362837309906E13 /* SystemDialogPolicy.swift */; };
		17687791BBF6102D034AB942 /* TouchSynthesizer.m in Sources */ = {isa = PBXBuildFile; fileRef = 03BBAA69CD44B39C3AD6DA0F /* TouchSynthesizer.m */; };
		1C2ED89480D51025F3F287F0 /* ActionExecutor.swift in Sources */ = {isa = PBXBuildFile; fileRef = D53CA4D47911BC911C8430EF /* ActionExecutor.swift */; };
		6C50B1ECB9A19432E1A89D91 /* WaitEngine.swift in Sources */ = {isa = PBXBuildFile; fileRef = 45B43D837B50F6CE9F2973A3 /* WaitEngine.swift */; };
		8343FFC928BF3DED3CE9B54D /* ObjCExceptionCatcher.m in Sources */ = {isa = PBXBuildFile; fileRef = 4F73B6388FA79243297885B0 /* ObjCExceptionCatcher.m */; };
		8EAA355DA951C199AF253DB7 /* ElementInfo.swift in Sources */ = {isa = PBXBuildFile; fileRef = 19310EAA5EA86B6E6776B6F8 /* ElementInfo.swift */; };
		9A7AA0FD964CB0917BA73A34 /* ElementFinder.swift in Sources */ = {isa = PBXBuildFile; fileRef = 120AEFF331CC195D7A1592FC /* ElementFinder.swift */; };
		A36314E56A12B9911A8E07F5 /* SelectorParser.swift in Sources */ = {isa = PBXBuildFile; fileRef = D17FE6EF9A57433664F043E7 /* SelectorParser.swift */; };
		5A1C0E7D2B9F4E3A8C6D1F02 /* KeyboardDismissPlanner.swift in Sources */ = {isa = PBXBuildFile; fileRef = 5A1C0E7D2B9F4E3A8C6D1F01 /* KeyboardDismissPlanner.swift */; };
		A4B1C63E6075AF48ADFC2123 /* OcclusionAnalyzer.swift in Sources */ = {isa = PBXBuildFile; fileRef = EEB85E18A5531D03A65BDA55 /* OcclusionAnalyzer.swift */; };
		A4DD313B0DC87ACC0AC5EC36 /* TapsmithAgentRunner.swift in Sources */ = {isa = PBXBuildFile; fileRef = 46F2F23AB376461F1E086465 /* TapsmithAgentRunner.swift */; };
		AF850BF1649CFB7D3D5FEDAB /* OneShotLogger.swift in Sources */ = {isa = PBXBuildFile; fileRef = E2D8F09D7C424D6639D7D0AD /* OneShotLogger.swift */; };
		B5ED1D32F5D4721948E90845 /* HierarchyDumper.swift in Sources */ = {isa = PBXBuildFile; fileRef = 09C5E3AFD1299FFFF4B31AB6 /* HierarchyDumper.swift */; };
		B8E4DB3D143C129530BED0E8 /* SocketServer.swift in Sources */ = {isa = PBXBuildFile; fileRef = B20F42F1DA77FBEEC0F04F60 /* SocketServer.swift */; };
		B9C16B182851EAD07DF20338 /* RoleMapping.swift in Sources */ = {isa = PBXBuildFile; fileRef = B4047824F41AA54563A432DC /* RoleMapping.swift */; };
		C3EA7BC091BB4FFF7DDD0C3D /* AgentError.swift in Sources */ = {isa = PBXBuildFile; fileRef = EDF3E8F423ADAE29CD2EFB48 /* AgentError.swift */; };
		C3FB8341E6CADE143C84D0C0 /* QuiescenceDisabler.swift in Sources */ = {isa = PBXBuildFile; fileRef = 45FCCCE646EA2B85354B30F7 /* QuiescenceDisabler.swift */; };
		E0DE662FCB6D79C8C8970C91 /* TouchPlanClock.swift in Sources */ = {isa = PBXBuildFile; fileRef = AB260507663C49D261F50588 /* TouchPlanClock.swift */; };
/* End PBXBuildFile section */

/* Begin PBXFileReference section */
		03BBAA69CD44B39C3AD6DA0F /* TouchSynthesizer.m */ = {isa = PBXFileReference; lastKnownFileType = sourcecode.c.objc; path = TouchSynthesizer.m; sourceTree = "<group>"; };
		09C5E3AFD1299FFFF4B31AB6 /* HierarchyDumper.swift */ = {isa = PBXFileReference; lastKnownFileType = sourcecode.swift; path = HierarchyDumper.swift; sourceTree = "<group>"; };
		120AEFF331CC195D7A1592FC /* ElementFinder.swift */ = {isa = PBXFileReference; lastKnownFileType = sourcecode.swift; path = ElementFinder.swift; sourceTree = "<group>"; };
		19310EAA5EA86B6E6776B6F8 /* ElementInfo.swift */ = {isa = PBXFileReference; lastKnownFileType = sourcecode.swift; path = ElementInfo.swift; sourceTree = "<group>"; };
		1D4606C81DC5E17A14939D8D /* CommandHandler.swift */ = {isa = PBXFileReference; lastKnownFileType = sourcecode.swift; path = CommandHandler.swift; sourceTree = "<group>"; };
		34424E01B06D5C34CAEE7B3F /* TapsmithAgentUITests.xctest */ = {isa = PBXFileReference; includeInIndex = 0; lastKnownFileType = wrapper.cfbundle; path = TapsmithAgentUITests.xctest; sourceTree = BUILT_PRODUCTS_DIR; };
		45B43D837B50F6CE9F2973A3 /* WaitEngine.swift */ = {isa = PBXFileReference; lastKnownFileType = sourcecode.swift; path = WaitEngine.swift; sourceTree = "<group>"; };
		45FCCCE646EA2B85354B30F7 /* QuiescenceDisabler.swift */ = {isa = PBXFileReference; lastKnownFileType = sourcecode.swift; path = QuiescenceDisabler.swift; sourceTree = "<group>"; };
		46F2F23AB376461F1E086465 /* TapsmithAgentRunner.swift */ = {isa = PBXFileReference; lastKnownFileType = sourcecode.swift; path = TapsmithAgentRunner.swift; sourceTree = "<group>"; };
		4F73B6388FA79243297885B0 /* ObjCExceptionCatcher.m */ = {isa = PBXFileReference; lastKnownFileType = sourcecode.c.objc; path = ObjCExceptionCatcher.m; sourceTree = "<group>"; };
		7CD67663681CC3C8C65959F0 /* ObjCExceptionCatcher.h */ = {isa = PBXFileReference; lastKnownFileType = sourcecode.c.h; path = ObjCExceptionCatcher.h; sourceTree = "<group>"; };
		95F1D55A943C25C2F98CC102 /* SnapshotElementFinder.swift */ = {isa = PBXFileReference; lastKnownFileType = sourcecode.swift; path = SnapshotElementFinder.swift; sourceTree = "<group>"; };
		9FBB72A2A362837309906E13 /* SystemDialogPolicy.swift */ = {isa = PBXFileReference; lastKnownFileType = sourcecode.swift; path = SystemDialogPolicy.swift; sourceTree = "<group>"; };
		AB260507663C49D261F50588 /* TouchPlanClock.swift */ = {isa = PBXFileReference; lastKnownFileType = sourcecode.swift; path = TouchPlanClock.swift; sourceTree = "<group>"; };
		B20F42F1DA77FBEEC0F04F60 /* SocketServer.swift */ = {isa = PBXFileReference; lastKnownFileType = sourcecode.swift; path = SocketServer.swift; sourceTree = "<group>"; };
		B4047824F41AA54563A432DC /* RoleMapping.swift */ = {isa = PBXFileReference; lastKnownFileType = sourcecode.swift; path = RoleMapping.swift; sourceTree = "<group>"; };
		BDD4545E80BE3B249F9D6B2F /* TapsmithAgent-Bridging-Header.h */ = {isa = PBXFileReference; lastKnownFileType = sourcecode.c.h; path = "TapsmithAgent-Bridging-Header.h"; sourceTree = "<group>"; };
		C511FD447184FAEDC3739DB9 /* TouchSynthesizer.h */ = {isa = PBXFileReference; lastKnownFileType = sourcecode.c.h; path = TouchSynthesizer.h; sourceTree = "<group>"; };
		D17FE6EF9A57433664F043E7 /* SelectorParser.swift */ = {isa = PBXFileReference; lastKnownFileType = sourcecode.swift; path = SelectorParser.swift; sourceTree = "<group>"; };
		D53CA4D47911BC911C8430EF /* ActionExecutor.swift */ = {isa = PBXFileReference; lastKnownFileType = sourcecode.swift; path = ActionExecutor.swift; sourceTree = "<group>"; };
		E2D8F09D7C424D6639D7D0AD /* OneShotLogger.swift */ = {isa = PBXFileReference; lastKnownFileType = sourcecode.swift; path = OneShotLogger.swift; sourceTree = "<group>"; };
		EDF3E8F423ADAE29CD2EFB48 /* AgentError.swift */ = {isa = PBXFileReference; lastKnownFileType = sourcecode.swift; path = AgentError.swift; sourceTree = "<group>"; };
		5A1C0E7D2B9F4E3A8C6D1F01 /* KeyboardDismissPlanner.swift */ = {isa = PBXFileReference; lastKnownFileType = sourcecode.swift; path = KeyboardDismissPlanner.swift; sourceTree = "<group>"; };
		EEB85E18A5531D03A65BDA55 /* OcclusionAnalyzer.swift */ = {isa = PBXFileReference; lastKnownFileType = sourcecode.swift; path = OcclusionAnalyzer.swift; sourceTree = "<group>"; };
/* End PBXFileReference section */

/* Begin PBXGroup section */
		454C9CF63A96ADB0BE5F22C6 /* TapsmithAgent */ = {
			isa = PBXGroup;
			children = (
				D53CA4D47911BC911C8430EF /* ActionExecutor.swift */,
				1D4606C81DC5E17A14939D8D /* CommandHandler.swift */,
				120AEFF331CC195D7A1592FC /* ElementFinder.swift */,
				09C5E3AFD1299FFFF4B31AB6 /* HierarchyDumper.swift */,
				7CD67663681CC3C8C65959F0 /* ObjCExceptionCatcher.h */,
				4F73B6388FA79243297885B0 /* ObjCExceptionCatcher.m */,
				5A1C0E7D2B9F4E3A8C6D1F01 /* KeyboardDismissPlanner.swift */,
				EEB85E18A5531D03A65BDA55 /* OcclusionAnalyzer.swift */,
				45FCCCE646EA2B85354B30F7 /* QuiescenceDisabler.swift */,
				B4047824F41AA54563A432DC /* RoleMapping.swift */,
				D17FE6EF9A57433664F043E7 /* SelectorParser.swift */,
				95F1D55A943C25C2F98CC102 /* SnapshotElementFinder.swift */,
				B20F42F1DA77FBEEC0F04F60 /* SocketServer.swift */,
				9FBB72A2A362837309906E13 /* SystemDialogPolicy.swift */,
				BDD4545E80BE3B249F9D6B2F /* TapsmithAgent-Bridging-Header.h */,
				46F2F23AB376461F1E086465 /* TapsmithAgentRunner.swift */,
				AB260507663C49D261F50588 /* TouchPlanClock.swift */,
				C511FD447184FAEDC3739DB9 /* TouchSynthesizer.h */,
				03BBAA69CD44B39C3AD6DA0F /* TouchSynthesizer.m */,
				45B43D837B50F6CE9F2973A3 /* WaitEngine.swift */,
				842E5124C674BF673EBF46E5 /* Models */,
			);
			path = TapsmithAgent;
			sourceTree = "<group>";
		};
		82A371343BA29ADE41D01FAD /* Products */ = {
			isa = PBXGroup;
			children = (
				34424E01B06D5C34CAEE7B3F /* TapsmithAgentUITests.xctest */,
			);
			name = Products;
			sourceTree = "<group>";
		};
		842E5124C674BF673EBF46E5 /* Models */ = {
			isa = PBXGroup;
			children = (
				EDF3E8F423ADAE29CD2EFB48 /* AgentError.swift */,
				19310EAA5EA86B6E6776B6F8 /* ElementInfo.swift */,
				E2D8F09D7C424D6639D7D0AD /* OneShotLogger.swift */,
			);
			path = Models;
			sourceTree = "<group>";
		};
		AA935D53E8E5487B664F3796 = {
			isa = PBXGroup;
			children = (
				454C9CF63A96ADB0BE5F22C6 /* TapsmithAgent */,
				82A371343BA29ADE41D01FAD /* Products */,
			);
			sourceTree = "<group>";
		};
/* End PBXGroup section */

/* Begin PBXNativeTarget section */
		973951936FC46964192EC09F /* TapsmithAgentUITests */ = {
			isa = PBXNativeTarget;
			buildConfigurationList = 08A30720D5458EF014F15BF4 /* Build configuration list for PBXNativeTarget "TapsmithAgentUITests" */;
			buildPhases = (
				E5E7FC72215BC1A645108A16 /* Sources */,
			);
			buildRules = (
			);
			dependencies = (
			);
			name = TapsmithAgentUITests;
			packageProductDependencies = (
			);
			productName = TapsmithAgentUITests;
			productReference = 34424E01B06D5C34CAEE7B3F /* TapsmithAgentUITests.xctest */;
			productType = "com.apple.product-type.bundle.ui-testing";
		};
/* End PBXNativeTarget section */

/* Begin PBXProject section */
		9F4FE376CBE520D7BBEB22FA /* Project object */ = {
			isa = PBXProject;
			attributes = {
				BuildIndependentTargetsInParallel = YES;
				LastUpgradeCheck = 1500;
				TargetAttributes = {
				};
			};
			buildConfigurationList = 38AB17DA263824B3B6BB3A3A /* Build configuration list for PBXProject "TapsmithAgent" */;
			developmentRegion = en;
			hasScannedForEncodings = 0;
			knownRegions = (
				Base,
				en,
			);
			mainGroup = AA935D53E8E5487B664F3796;
			minimizedProjectReferenceProxies = 1;
			preferredProjectObjectVersion = 77;
			productRefGroup = 82A371343BA29ADE41D01FAD /* Products */;
			projectDirPath = "";
			projectRoot = "";
			targets = (
				973951936FC46964192EC09F /* TapsmithAgentUITests */,
			);
		};
/* End PBXProject section */

/* Begin PBXSourcesBuildPhase section */
		E5E7FC72215BC1A645108A16 /* Sources */ = {
			isa = PBXSourcesBuildPhase;
			buildActionMask = 2147483647;
			files = (
				1C2ED89480D51025F3F287F0 /* ActionExecutor.swift in Sources */,
				C3EA7BC091BB4FFF7DDD0C3D /* AgentError.swift in Sources */,
				00939514784AEE11CC64485E /* CommandHandler.swift in Sources */,
				9A7AA0FD964CB0917BA73A34 /* ElementFinder.swift in Sources */,
				8EAA355DA951C199AF253DB7 /* ElementInfo.swift in Sources */,
				B5ED1D32F5D4721948E90845 /* HierarchyDumper.swift in Sources */,
				8343FFC928BF3DED3CE9B54D /* ObjCExceptionCatcher.m in Sources */,
				5A1C0E7D2B9F4E3A8C6D1F02 /* KeyboardDismissPlanner.swift in Sources */,
				A4B1C63E6075AF48ADFC2123 /* OcclusionAnalyzer.swift in Sources */,
				AF850BF1649CFB7D3D5FEDAB /* OneShotLogger.swift in Sources */,
				C3FB8341E6CADE143C84D0C0 /* QuiescenceDisabler.swift in Sources */,
				B9C16B182851EAD07DF20338 /* RoleMapping.swift in Sources */,
				A36314E56A12B9911A8E07F5 /* SelectorParser.swift in Sources */,
				09E2E27C7BCBF01AE2648172 /* SnapshotElementFinder.swift in Sources */,
				B8E4DB3D143C129530BED0E8 /* SocketServer.swift in Sources */,
				0E010C836E22158D44530C5D /* SystemDialogPolicy.swift in Sources */,
				A4DD313B0DC87ACC0AC5EC36 /* TapsmithAgentRunner.swift in Sources */,
				E0DE662FCB6D79C8C8970C91 /* TouchPlanClock.swift in Sources */,
				17687791BBF6102D034AB942 /* TouchSynthesizer.m in Sources */,
				6C50B1ECB9A19432E1A89D91 /* WaitEngine.swift in Sources */,
			);
			runOnlyForDeploymentPostprocessing = 0;
		};
/* End PBXSourcesBuildPhase section */

/* Begin XCBuildConfiguration section */
		03062BC4F86157B6D666FDA4 /* Debug */ = {
			isa = XCBuildConfiguration;
			buildSettings = {
				ALWAYS_SEARCH_USER_PATHS = NO;
				CLANG_ANALYZER_NONNULL = YES;
				CLANG_ANALYZER_NUMBER_OBJECT_CONVERSION = YES_AGGRESSIVE;
				CLANG_CXX_LANGUAGE_STANDARD = "gnu++14";
				CLANG_CXX_LIBRARY = "libc++";
				CLANG_ENABLE_MODULES = YES;
				CLANG_ENABLE_OBJC_ARC = YES;
				CLANG_ENABLE_OBJC_WEAK = YES;
				CLANG_WARN_BLOCK_CAPTURE_AUTORELEASING = YES;
				CLANG_WARN_BOOL_CONVERSION = YES;
				CLANG_WARN_COMMA = YES;
				CLANG_WARN_CONSTANT_CONVERSION = YES;
				CLANG_WARN_DEPRECATED_OBJC_IMPLEMENTATIONS = YES;
				CLANG_WARN_DIRECT_OBJC_ISA_USAGE = YES_ERROR;
				CLANG_WARN_DOCUMENTATION_COMMENTS = YES;
				CLANG_WARN_EMPTY_BODY = YES;
				CLANG_WARN_ENUM_CONVERSION = YES;
				CLANG_WARN_INFINITE_RECURSION = YES;
				CLANG_WARN_INT_CONVERSION = YES;
				CLANG_WARN_NON_LITERAL_NULL_CONVERSION = YES;
				CLANG_WARN_OBJC_IMPLICIT_RETAIN_SELF = YES;
				CLANG_WARN_OBJC_LITERAL_CONVERSION = YES;
				CLANG_WARN_OBJC_ROOT_CLASS = YES_ERROR;
				CLANG_WARN_QUOTED_INCLUDE_IN_FRAMEWORK_HEADER = YES;
				CLANG_WARN_RANGE_LOOP_ANALYSIS = YES;
				CLANG_WARN_STRICT_PROTOTYPES = YES;
				CLANG_WARN_SUSPICIOUS_MOVE = YES;
				CLANG_WARN_UNGUARDED_AVAILABILITY = YES_AGGRESSIVE;
				CLANG_WARN_UNREACHABLE_CODE = YES;
				CLANG_WARN__DUPLICATE_METHOD_MATCH = YES;
				COPY_PHASE_STRIP = NO;
				DEBUG_INFORMATION_FORMAT = dwarf;
				ENABLE_STRICT_OBJC_MSGSEND = YES;
				ENABLE_TESTABILITY = YES;
				GCC_C_LANGUAGE_STANDARD = gnu11;
				GCC_DYNAMIC_NO_PIC = NO;
				GCC_NO_COMMON_BLOCKS = YES;
				GCC_OPTIMIZATION_LEVEL = 0;
				GCC_PREPROCESSOR_DEFINITIONS = (
					"$(inherited)",
					"DEBUG=1",
				);
				GCC_WARN_64_TO_32_BIT_CONVERSION = YES;
				GCC_WARN_ABOUT_RETURN_TYPE = YES_ERROR;
				GCC_WARN_UNDECLARED_SELECTOR = YES;
				GCC_WARN_UNINITIALIZED_AUTOS = YES_AGGRESSIVE;
				GCC_WARN_UNUSED_FUNCTION = YES;
				GCC_WARN_UNUSED_VARIABLE = YES;
				IPHONEOS_DEPLOYMENT_TARGET = 15.0;
				MTL_ENABLE_DEBUG_INFO = INCLUDE_SOURCE;
				MTL_FAST_MATH = YES;
				ONLY_ACTIVE_ARCH = YES;
				PRODUCT_NAME = "$(TARGET_NAME)";
				SDKROOT = iphoneos;
				SWIFT_ACTIVE_COMPILATION_CONDITIONS = DEBUG;
				SWIFT_OPTIMIZATION_LEVEL = "-Onone";
				SWIFT_VERSION = 5.0;
			};
			name = Debug;
		};
		27D1E765C3B9EE0354EC5539 /* Release */ = {
			isa = XCBuildConfiguration;
			buildSettings = {
				BUNDLE_LOADER = "$(TEST_HOST)";
				CODE_SIGNING_ALLOWED = NO;
				CODE_SIGNING_REQUIRED = NO;
				CODE_SIGN_IDENTITY = "";
				GENERATE_INFOPLIST_FILE = YES;
				INFOPLIST_FILE = "";
				LD_RUNPATH_SEARCH_PATHS = (
					"$(inherited)",
					"@executable_path/Frameworks",
					"@loader_path/Frameworks",
				);
				PRODUCT_BUNDLE_IDENTIFIER = dev.tapsmith.agent;
				SDKROOT = iphoneos;
				SUPPORTS_MACCATALYST = NO;
				SWIFT_OBJC_BRIDGING_HEADER = "TapsmithAgent/TapsmithAgent-Bridging-Header.h";
				SWIFT_VERSION = 5.9;
				TARGETED_DEVICE_FAMILY = "1,2";
				TEST_HOST = "";
				TEST_TARGET_NAME = "";
			};
			name = Release;
		};
		72C651998A85C11D4F56A611 /* Release */ = {
			isa = XCBuildConfiguration;
			buildSettings = {
				ALWAYS_SEARCH_USER_PATHS = NO;
				CLANG_ANALYZER_NONNULL = YES;
				CLANG_ANALYZER_NUMBER_OBJECT_CONVERSION = YES_AGGRESSIVE;
				CLANG_CXX_LANGUAGE_STANDARD = "gnu++14";
				CLANG_CXX_LIBRARY = "libc++";
				CLANG_ENABLE_MODULES = YES;
				CLANG_ENABLE_OBJC_ARC = YES;
				CLANG_ENABLE_OBJC_WEAK = YES;
				CLANG_WARN_BLOCK_CAPTURE_AUTORELEASING = YES;
				CLANG_WARN_BOOL_CONVERSION = YES;
				CLANG_WARN_COMMA = YES;
				CLANG_WARN_CONSTANT_CONVERSION = YES;
				CLANG_WARN_DEPRECATED_OBJC_IMPLEMENTATIONS = YES;
				CLANG_WARN_DIRECT_OBJC_ISA_USAGE = YES_ERROR;
				CLANG_WARN_DOCUMENTATION_COMMENTS = YES;
				CLANG_WARN_EMPTY_BODY = YES;
				CLANG_WARN_ENUM_CONVERSION = YES;
				CLANG_WARN_INFINITE_RECURSION = YES;
				CLANG_WARN_INT_CONVERSION = YES;
				CLANG_WARN_NON_LITERAL_NULL_CONVERSION = YES;
				CLANG_WARN_OBJC_IMPLICIT_RETAIN_SELF = YES;
				CLANG_WARN_OBJC_LITERAL_CONVERSION = YES;
				CLANG_WARN_OBJC_ROOT_CLASS = YES_ERROR;
				CLANG_WARN_QUOTED_INCLUDE_IN_FRAMEWORK_HEADER = YES;
				CLANG_WARN_RANGE_LOOP_ANALYSIS = YES;
				CLANG_WARN_STRICT_PROTOTYPES = YES;
				CLANG_WARN_SUSPICIOUS_MOVE = YES;
				CLANG_WARN_UNGUARDED_AVAILABILITY = YES_AGGRESSIVE;
				CLANG_WARN_UNREACHABLE_CODE = YES;
				CLANG_WARN__DUPLICATE_METHOD_MATCH = YES;
				COPY_PHASE_STRIP = NO;
				DEBUG_INFORMATION_FORMAT = "dwarf-with-dsym";
				ENABLE_NS_ASSERTIONS = NO;
				ENABLE_STRICT_OBJC_MSGSEND = YES;
				GCC_C_LANGUAGE_STANDARD = gnu11;
				GCC_NO_COMMON_BLOCKS = YES;
				GCC_WARN_64_TO_32_BIT_CONVERSION = YES;
				GCC_WARN_ABOUT_RETURN_TYPE = YES_ERROR;
				GCC_WARN_UNDECLARED_SELECTOR = YES;
				GCC_WARN_UNINITIALIZED_AUTOS = YES_AGGRESSIVE;
				GCC_WARN_UNUSED_FUNCTION = YES;
				GCC_WARN_UNUSED_VARIABLE = YES;
				IPHONEOS_DEPLOYMENT_TARGET = 15.0;
				MTL_ENABLE_DEBUG_INFO = NO;
				MTL_FAST_MATH = YES;
				PRODUCT_NAME = "$(TARGET_NAME)";
				SDKROOT = iphoneos;
				SWIFT_COMPILATION_MODE = wholemodule;
				SWIFT_OPTIMIZATION_LEVEL = "-O";
				SWIFT_VERSION = 5.0;
			};
			name = Release;
		};
		F5524C6948AFB65C156DA5B5 /* Debug */ = {
			isa = XCBuildConfiguration;
			buildSettings = {
				BUNDLE_LOADER = "$(TEST_HOST)";
				CODE_SIGNING_ALLOWED = NO;
				CODE_SIGNING_REQUIRED = NO;
				CODE_SIGN_IDENTITY = "";
				GENERATE_INFOPLIST_FILE = YES;
				INFOPLIST_FILE = "";
				LD_RUNPATH_SEARCH_PATHS = (
					"$(inherited)",
					"@executable_path/Frameworks",
					"@loader_path/Frameworks",
				);
				PRODUCT_BUNDLE_IDENTIFIER = dev.tapsmith.agent;
				SDKROOT = iphoneos;
				SUPPORTS_MACCATALYST = NO;
				SWIFT_OBJC_BRIDGING_HEADER = "TapsmithAgent/TapsmithAgent-Bridging-Header.h";
				SWIFT_VERSION = 5.9;
				TARGETED_DEVICE_FAMILY = "1,2";
				TEST_HOST = "";
				TEST_TARGET_NAME = "";
			};
			name = Debug;
		};
/* End XCBuildConfiguration section */

/* Begin XCConfigurationList section */
		08A30720D5458EF014F15BF4 /* Build configuration list for PBXNativeTarget "TapsmithAgentUITests" */ = {
			isa = XCConfigurationList;
			buildConfigurations = (
				F5524C6948AFB65C156DA5B5 /* Debug */,
				27D1E765C3B9EE0354EC5539 /* Release */,
			);
			defaultConfigurationIsVisible = 0;
			defaultConfigurationName = Debug;
		};
		38AB17DA263824B3B6BB3A3A /* Build configuration list for PBXProject "TapsmithAgent" */ = {
			isa = XCConfigurationList;
			buildConfigurations = (
				03062BC4F86157B6D666FDA4 /* Debug */,
				72C651998A85C11D4F56A611 /* Release */,
			);
			defaultConfigurationIsVisible = 0;
			defaultConfigurationName = Debug;
		};
/* End XCConfigurationList section */
	};
	rootObject = 9F4FE376CBE520D7BBEB22FA /* Project object */;
}
